
Microsoft Visual Studio Solution File, Format Version 12.00
# Visual Studio 15
VisualStudioVersion = 15.0.27004.2005
MinimumVisualStudioVersion = 10.0.40219.1
Project("{FAE04EC0-301F-11D3-BF4B-00C04F79EFBC}") = "FirstCodeFirstApp", "FirstCodeFirstApp\FirstCodeFirstApp.csproj", "{0802522F-A272-4D72-B1EB-18FA365EC177}"
EndProject
Project("{9A19103F-16F7-4668-BE54-9A1E7A4F7556}") = "WebHostTest", "WebHostTest\WebHostTest.csproj", "{A872622E-F72A-4B3C-8770-2D1DC3ADAE31}"
EndProject
Project("{9A19103F-16F7-4668-BE54-9A1E7A4F7556}") = "MvcCookieAuthSample", "MvcCookieAuthSample\MvcCookieAuthSample.csproj", "{CDB75514-0256-49FF-A5CC-67F30A1403D6}"
EndProject
Project("{9A19103F-16F7-4668-BE54-9A1E7A4F7556}") = "JwtAuthSample", "JwtAuthSample\JwtAuthSample.csproj", "{AE690165-3121-4757-8EA4-C8AE4CEAB86F}"
EndProject
Global
	GlobalSection(SolutionConfigurationPlatforms) = preSolution
		Debug|Any CPU = Debug|Any CPU
		Release|Any CPU = Release|Any CPU
	EndGlobalSection
	GlobalSection(ProjectConfigurationPlatforms) = postSolution
		{0802522F-A272-4D72-B1EB-18FA365EC177}.Debug|Any CPU.ActiveCfg = Debug|Any CPU
		{0802522F-A272-4D72-B1EB-18FA365EC177}.Debug|Any CPU.Build.0 = Debug|Any CPU
		{0802522F-A272-4D72-B1EB-18FA365EC177}.Release|Any CPU.ActiveCfg = Release|Any CPU
		{0802522F-A272-4D72-B1EB-18FA365EC177}.Release|Any CPU.Build.0 = Release|Any CPU
		{A872622E-F72A-4B3C-8770-2D1DC3ADAE31}.Debug|Any CPU.ActiveCfg = Debug|Any CPU
		{A872622E-F72A-4B3C-8770-2D1DC3ADAE31}.Debug|Any CPU.Build.0 = Debug|Any CPU
		{A872622E-F72A-4B3C-8770-2D1DC3ADAE31}.Release|Any CPU.ActiveCfg = Release|Any CPU
		{A872622E-F72A-4B3C-8770-2D1DC3ADAE31}.Release|Any CPU.Build.0 = Release|Any CPU
		{CDB75514-0256-49FF-A5CC-67F30A1403D6}.Debug|Any CPU.ActiveCfg = Debug|Any CPU
		{CDB75514-0256-49FF-A5CC-67F30A1403D6}.Debug|Any CPU.Build.0 = Debug|Any CPU
		{CDB75514-0256-49FF-A5CC-67F30A1403D6}.Release|Any CPU.ActiveCfg = Release|Any CPU
		{CDB75514-0256-49FF-A5CC-67F30A1403D6}.Release|Any CPU.Build.0 = Release|Any CPU
		{AE690165-3121-4757-8EA4-C8AE4CEAB86F}.Debug|Any CPU.ActiveCfg = Debug|Any CPU
		{AE690165-3121-4757-8EA4-C8AE4CEAB86F}.Debug|Any CPU.Build.0 = Debug|Any CPU
		{AE690165-3121-4757-8EA4-C8AE4CEAB86F}.Release|Any CPU.ActiveCfg = Release|Any CPU
		{AE690165-3121-4757-8EA4-C8AE4CEAB86F}.Release|Any CPU.Build.0 = Release|Any CPU
	EndGlobalSection
	GlobalSection(SolutionProperties) = preSolution
		HideSolutionNode = FALSE
	EndGlobalSection
	GlobalSection(ExtensibilityGlobals) = postSolution
		SolutionGuid = {96EBAEF8-73C1-4A94-97C5-4078F81BEBE0}
	EndGlobalSection
EndGlobal
